
Microsoft Visual Studio Solution File, Format Version 12.00
# Visual Studio Version 16
VisualStudioVersion = 16.0.28729.10
MinimumVisualStudioVersion = 10.0.40219.1
Project("{2150E333-8FDC-42A3-9474-1A3956D46DE8}") = "Solution Items", "Solution Items", "{87D83409-A5BD-4BAE-94A8-D30A2206E64A}"
	ProjectSection(SolutionItems) = preProject
		.editorconfig = .editorconfig
		.filenesting.json = .filenesting.json
		ATTRIBUTION.md = ATTRIBUTION.md
		Directory.Build.props = Directory.Build.props
		Directory.Build.targets = Directory.Build.targets
		README.md = README.md
		secrets.json = secrets.json
	EndProjectSection
EndProject
Project("{2150E333-8FDC-42A3-9474-1A3956D46DE8}") = "Agent", "Agent", "{0E1DC973-37C6-4373-9B8F-DCF540F7EBF2}"
EndProject
Project("{2150E333-8FDC-42A3-9474-1A3956D46DE8}") = "xService", "xService", "{358C6FBD-56E7-4385-A70C-9191A4085A2C}"
EndProject
Project("{2150E333-8FDC-42A3-9474-1A3956D46DE8}") = "xDaemon", "xDaemon", "{EBB234E4-867B-467A-BE11-D4651843D1DF}"
EndProject
Project("{2150E333-8FDC-42A3-9474-1A3956D46DE8}") = "PlugIns", "PlugIns", "{E38BAEFE-15F9-429E-94F3-BE71D2115B86}"
EndProject
Project("{2150E333-8FDC-42A3-9474-1A3956D46DE8}") = "AceGUI", "AceGUI", "{E2EC32C9-58E3-447F-93ED-E48B18D0F70C}"
EndProject
Project("{2150E333-8FDC-42A3-9474-1A3956D46DE8}") = "Releases", "Releases", "{BAEE4E8C-1B7F-4030-9B12-A343D24EBA9D}"
EndProject
Project("{2150E333-8FDC-42A3-9474-1A3956D46DE8}") = "Doc", "Doc", "{10D21D00-59F6-481F-81D6-4A5764E3BCF4}"
	ProjectSection(SolutionItems) = preProject
		Doc\Architecture.MD = Doc\Architecture.MD
		Doc\BuildingNotes.MD = Doc\BuildingNotes.MD
		Doc\Goals.md = Doc\Goals.md
		Doc\Overview.MD = Doc\Overview.MD
	EndProjectSection
EndProject
Project("{2150E333-8FDC-42A3-9474-1A3956D46DE8}") = "GUIServices", "GUIServices", "{2894C382-76E8-4B77-BFAE-3CF8433AFC55}"
EndProject
Project("{2150E333-8FDC-42A3-9474-1A3956D46DE8}") = "MinerServices", "MinerServices", "{E1D20164-8795-40E5-92D1-20E4D5F0753D}"
EndProject
Project("{2150E333-8FDC-42A3-9474-1A3956D46DE8}") = "RealEstateServices", "RealEstateServices", "{4F890257-219C-4A15-A143-74E0F7BCA81F}"
EndProject
Project("{2150E333-8FDC-42A3-9474-1A3956D46DE8}") = "DiskAnalysisServices", "DiskAnalysisServices", "{F16EF490-DC68-4DD0-B76E-6587390E2765}"
EndProject
Project("{2150E333-8FDC-42A3-9474-1A3956D46DE8}") = "Database", "Database", "{5ED42294-12FE-4055-9A79-8334896F351B}"
EndProject
Project("{2150E333-8FDC-42A3-9474-1A3956D46DE8}") = "Liquibase", "Liquibase", "{98781561-2E59-4F90-8CFF-2696752F7070}"
	ProjectSection(SolutionItems) = preProject
		Database\Liquibase\DBChangeLog For MySQL.xml = Database\Liquibase\DBChangeLog For MySQL.xml
	EndProjectSection
EndProject
Project("{2150E333-8FDC-42A3-9474-1A3956D46DE8}") = "DataDumpFiles", "DataDumpFiles", "{1F751B0F-2900-4E82-836F-AEE00D52B079}"
EndProject
Project("{2150E333-8FDC-42A3-9474-1A3956D46DE8}") = "SchemaDumpFiles", "SchemaDumpFiles", "{A4399FC1-E4EE-48AA-A011-67D5143AFDD2}"
	ProjectSection(SolutionItems) = preProject
		Database\SchemaDumpFiles\acecommander_routines.sql = Database\SchemaDumpFiles\acecommander_routines.sql
	EndProjectSection
EndProject
Project("{2150E333-8FDC-42A3-9474-1A3956D46DE8}") = "ATAP.Utilities", "ATAP.Utilities", "{B70F6ACB-893B-4914-A7F3-A0D214F238ED}"
EndProject
Project("{2150E333-8FDC-42A3-9474-1A3956D46DE8}") = "BaseServices", "BaseServices", "{72F1C163-700A-4E3E-BADD-927E1E36E678}"
EndProject
Project("{2150E333-8FDC-42A3-9474-1A3956D46DE8}") = "Agent.Host", "Agent.Host", "{62792E7E-B265-44C0-A663-2843841BEF0D}"
EndProject
Project("{9A19103F-16F7-4668-BE54-9A1E7A4F7556}") = "GUI", "GUI\GUI.csproj", "{722E51FC-A9FB-4B6D-AA10-DFD8D2C137B1}"
EndProject
Project("{9A19103F-16F7-4668-BE54-9A1E7A4F7556}") = "Agent.Host", "Agent\Agent.Host\Agent.Host.csproj", "{B0ACF5E7-70C9-46A5-A273-FAEDF3DE9611}"
	ProjectSection(ProjectDependencies) = postProject
		{8D6DE92C-637E-4433-9810-98D7FBCEA6BA} = {8D6DE92C-637E-4433-9810-98D7FBCEA6BA}
	EndProjectSection
EndProject
Project("{9A19103F-16F7-4668-BE54-9A1E7A4F7556}") = "Agent.BaseServices.Models", "Agent\Agent.BaseServices.Models\Agent.BaseServices.Models.csproj", "{8D6DE92C-637E-4433-9810-98D7FBCEA6BA}"
EndProject
Project("{9A19103F-16F7-4668-BE54-9A1E7A4F7556}") = "Agent.BaseServices.Interfaces", "Agent\Agent.BaseServices.Interfaces\Agent.BaseServices.Interfaces.csproj", "{130DED02-5984-487C-93DD-0D264EED140E}"
EndProject
Project("{9A19103F-16F7-4668-BE54-9A1E7A4F7556}") = "Agent.BaseServices.Data", "Agent\Agent.BaseServices.Data\Agent.BaseServices.Data.csproj", "{D88FA700-5D18-401F-8515-A5E3A4890084}"
EndProject
Project("{9A19103F-16F7-4668-BE54-9A1E7A4F7556}") = "PlugIn.GUIServices.Models", "Agent\PlugIns\GUIServices\Models\PlugIn.GUIServices.Models.csproj", "{364D1E63-B911-4AC0-AC2B-A5CF23C64C0F}"
EndProject
Project("{9A19103F-16F7-4668-BE54-9A1E7A4F7556}") = "PlugIn.GUIServices.Interfaces", "Agent\PlugIns\GUIServices\Interfaces\PlugIn.GUIServices.Interfaces.csproj", "{5FA00593-5F8C-4DEB-A6FA-51A8D0CA76F7}"
EndProject
Project("{9A19103F-16F7-4668-BE54-9A1E7A4F7556}") = "PlugIn.GUIServices.PlugIn", "Agent\PlugIns\GUIServices\PlugIn\PlugIn.GUIServices.PlugIn.csproj", "{6D051132-4829-41E9-9658-306FE30F6C38}"
EndProject
Project("{9A19103F-16F7-4668-BE54-9A1E7A4F7556}") = "PlugIn.GUIServices.Data", "Agent\PlugIns\GUIServices\Data\PlugIn.GUIServices.Data.csproj", "{5908C201-44B9-4BCA-A9F1-BCDF6F66833F}"
EndProject
Project("{9A19103F-16F7-4668-BE54-9A1E7A4F7556}") = "PlugIn.GUIServices.StringConstants", "Agent\PlugIns\GUIServices\StringConstants\PlugIn.GUIServices.StringConstants.csproj", "{F5716271-52EF-4B8B-B70A-F228D1222CAA}"
EndProject
Project("{9A19103F-16F7-4668-BE54-9A1E7A4F7556}") = "PlugIn.GUIServices.Shared", "Agent\PlugIns\GUIServices\Shared\PlugIn.GUIServices.Shared.csproj", "{E9777AD7-8928-4DD9-AC9A-A4E5E576F620}"
EndProject
Project("{9A19103F-16F7-4668-BE54-9A1E7A4F7556}") = "Agent.RealEstateServices.Models", "Agent\PlugIns\RealEstateServices\Agent.RealEstateServices.Models\Agent.RealEstateServices.Models.csproj", "{8E880A9D-47E1-4EC0-B698-2BD6D4C17A80}"
EndProject
Project("{9A19103F-16F7-4668-BE54-9A1E7A4F7556}") = "Agent.RealEstateServices.Interfaces", "Agent\PlugIns\RealEstateServices\Agent.RealEstateServices.Interfaces\Agent.RealEstateServices.Interfaces.csproj", "{DDA36E39-D60B-4624-ACC3-1910C2E821E0}"
EndProject
Project("{9A19103F-16F7-4668-BE54-9A1E7A4F7556}") = "Agent.RealEstateServices.Plugin", "Agent\PlugIns\RealEstateServices\Agent.RealEstateServices.Plugin\Agent.RealEstateServices.Plugin.csproj", "{65E74DFA-C9B4-49C9-83C4-591A5779D1E8}"
EndProject
Project("{9A19103F-16F7-4668-BE54-9A1E7A4F7556}") = "Agent.RealEstateServices.Data", "Agent\PlugIns\RealEstateServices\Agent.RealEstateServices.Data\Agent.RealEstateServices.Data.csproj", "{F397F057-6267-4A56-BE06-313FCB97D7CB}"
EndProject
Project("{9A19103F-16F7-4668-BE54-9A1E7A4F7556}") = "Agent.RealEstateServices.Shared", "Agent\Plugins\RealEstateServices\Agent.RealEstateServices.Shared\Agent.RealEstateServices.Shared.csproj", "{69083826-DF64-4E73-83B4-50D6EED7A6FA}"
EndProject
Project("{9A19103F-16F7-4668-BE54-9A1E7A4F7556}") = "Agent.DiskAnalysisServices.Data", "Agent\Plugins\DiskAnalysisServices\Agent.DiskAnalysisServices.Data\Agent.DiskAnalysisServices.Data.csproj", "{EBE48F6E-B168-4B11-9050-E8DFFE86016F}"
EndProject
Project("{9A19103F-16F7-4668-BE54-9A1E7A4F7556}") = "Agent.DiskAnalysisServices.Interfaces", "Agent\Plugins\DiskAnalysisServices\Agent.DiskAnalysisServices.Interfaces\Agent.DiskAnalysisServices.Interfaces.csproj", "{C83F8693-87F1-4786-AC4D-6483B51983CF}"
EndProject
Project("{9A19103F-16F7-4668-BE54-9A1E7A4F7556}") = "Agent.DiskAnalysisServices.Models", "Agent\Plugins\DiskAnalysisServices\Agent.DiskAnalysisServices.Models\Agent.DiskAnalysisServices.Models.csproj", "{F2C3747C-4DA7-428C-8DDC-F33F27247B26}"
EndProject
Project("{9A19103F-16F7-4668-BE54-9A1E7A4F7556}") = "Agent.DiskAnalysisServices.Plugin", "Agent\Plugins\DiskAnalysisServices\Agent.DiskAnalysisServices.Plugin\Agent.DiskAnalysisServices.Plugin.csproj", "{57A0F5F5-7CF6-4E49-B7D7-334D54AACAAF}"
EndProject
Project("{9A19103F-16F7-4668-BE54-9A1E7A4F7556}") = "Agent.DiskAnalysisServices.Shared", "Agent\Plugins\DiskAnalysisServices\Agent.DiskAnalysisServices.Shared\Agent.DiskAnalysisServices.Shared.csproj", "{D9248A1A-2B3D-4015-B885-F71AA3EE649D}"
EndProject
Project("{9A19103F-16F7-4668-BE54-9A1E7A4F7556}") = "Agent.BaseServices.Shared", "Agent\Agent.BaseServices.Shared\Agent.BaseServices.Shared.csproj", "{CB9940B9-8099-4FE4-B060-693591411332}"
EndProject
Project("{9A19103F-16F7-4668-BE54-9A1E7A4F7556}") = "Agent.Host.StringConstants", "Agent\Agent.Host.StringConstants\Agent.Host.StringConstants.csproj", "{409C2A14-1E25-4715-B0B9-EF12E2758891}"
EndProject
Project("{9A19103F-16F7-4668-BE54-9A1E7A4F7556}") = "Agent.DiskAnalysisServices.StringConstants", "Agent\Plugins\DiskAnalysisServices\Agent.DiskAnalysisServices.StringConstants\Agent.DiskAnalysisServices.StringConstants.csproj", "{930BF7DA-543E-46B9-9A37-4A60BA9605A8}"
EndProject
Project("{9A19103F-16F7-4668-BE54-9A1E7A4F7556}") = "Agent.RealEstateServices.StringConstants", "Agent\Plugins\RealEstateServices\Agent.RealEstateServices.StringConstants\Agent.RealEstateServices.StringConstants.csproj", "{FB1BD6A5-3469-4BBB-9840-779DC95354E9}"
EndProject
Project("{9A19103F-16F7-4668-BE54-9A1E7A4F7556}") = "Agent.MinerServices.Models", "Agent\Plugins\MinerServices\MinerServices.Models\Agent.MinerServices.Models.csproj", "{3565B916-A861-4604-8E6A-79F90DD34A1E}"
EndProject
Project("{9A19103F-16F7-4668-BE54-9A1E7A4F7556}") = "Agent.MinerServices.Interfaces", "Agent\Plugins\MinerServices\MinerServices.Interfaces\Agent.MinerServices.Interfaces.csproj", "{7133175E-14AB-4E4D-817C-5E356323A70F}"
EndProject
Project("{9A19103F-16F7-4668-BE54-9A1E7A4F7556}") = "Agent.MinerServices.Plugin", "Agent\Plugins\MinerServices\MinerServices.Plugin\Agent.MinerServices.Plugin.csproj", "{668AFC2F-E0DF-4393-AAD2-DA60ACE55D8F}"
EndProject
Project("{9A19103F-16F7-4668-BE54-9A1E7A4F7556}") = "Agent.MinerServices.Data", "Agent\Plugins\MinerServices\MinerServices.Data\Agent.MinerServices.Data.csproj", "{6A1C9DE5-4847-41B0-9C05-FC55F3AF3852}"
EndProject
Project("{9A19103F-16F7-4668-BE54-9A1E7A4F7556}") = "Agent.MinerServices.StringConstants", "Agent\Plugins\MinerServices\MinerServices.StringConstants\Agent.MinerServices.StringConstants.csproj", "{7E7FEEED-87CB-4D99-A403-19AAF1BE9049}"
EndProject
Project("{9A19103F-16F7-4668-BE54-9A1E7A4F7556}") = "Agent.MinerServices.Shared", "Agent\Plugins\MinerServices\MinerServices.Shared\Agent.MinerServices.Shared.csproj", "{66DF64EE-690C-4C9F-A540-597C463949EF}"
EndProject
Project("{9A19103F-16F7-4668-BE54-9A1E7A4F7556}") = "ATAP.Utilities.Enumerations", "ATAP.Utilities\ATAP.Utilities.Enumerations\ATAP.Utilities.Enumerations.csproj", "{22BF0314-77F1-4B6F-8CF5-48D80026CF24}"
EndProject
Project("{9A19103F-16F7-4668-BE54-9A1E7A4F7556}") = "ATAP.Utilities.Shared", "ATAP.Utilities\ATAP.Utilities.Shared\ATAP.Utilities.Shared.csproj", "{9C3883C4-3227-4BE8-B236-3EE404C0B79D}"
EndProject
Project("{9A19103F-16F7-4668-BE54-9A1E7A4F7556}") = "ATAP.Utilities", "ATAP.Utilities\ATAP.Utilities\ATAP.Utilities.csproj", "{C554EC8F-A55C-4FBF-B606-2712A0DC78E5}"
EndProject
Project("{9A19103F-16F7-4668-BE54-9A1E7A4F7556}") = "ATAP.Utilities.StringConstants", "ATAP.Utilities\ATAP.Utilities.StringConstants\ATAP.Utilities.StringConstants.csproj", "{A337FC4C-5374-4C53-A665-B8603BCBCFEE}"
EndProject
Project("{9A19103F-16F7-4668-BE54-9A1E7A4F7556}") = "ATAP.Utilities.ConcurrentObservableCollections", "ATAP.Utilities\ATAP.Utilities.ConcurrentObservableCollections\ATAP.Utilities.ConcurrentObservableCollections.csproj", "{7846123D-9D31-47F0-A2EC-1381B7567B51}"
EndProject
Project("{9A19103F-16F7-4668-BE54-9A1E7A4F7556}") = "PlugIn.AMQPServices.Shared", "Agent\Plugins\AMQPServices\Shared\PlugIn.AMQPServices.Shared.csproj", "{72E7DFE6-FC4D-48BE-9CE0-91967AD97A40}"
EndProject
Project("{9A19103F-16F7-4668-BE54-9A1E7A4F7556}") = "PlugIn.AMQPServices.Data", "Agent\Plugins\AMQPServices\Data\PlugIn.AMQPServices.Data.csproj", "{8636D47E-E05F-4AE2-9AA5-FB4B91A31BA7}"
EndProject
Project("{9A19103F-16F7-4668-BE54-9A1E7A4F7556}") = "PlugIn.AMQPServices.Interfaces", "Agent\Plugins\AMQPServices\Interfaces\PlugIn.AMQPServices.Interfaces.csproj", "{A0EE81D1-DABB-4F4A-8932-AC4142F79E2B}"
EndProject
Project("{9A19103F-16F7-4668-BE54-9A1E7A4F7556}") = "PlugIn.AMQPServices.Models", "Agent\Plugins\AMQPServices\Models\PlugIn.AMQPServices.Models.csproj", "{983DE202-A7BB-4561-9777-4DFDF3B5DD1C}"
EndProject
Project("{9A19103F-16F7-4668-BE54-9A1E7A4F7556}") = "PlugIn.AMQPServices.PublicInterfaces", "Agent\Plugins\AMQPServices\PublicInterfaces\PlugIn.AMQPServices.PublicInterfaces.csproj", "{8925B9EC-45D3-4BE8-9007-CFD88DFD84A9}"
EndProject
Project("{9A19103F-16F7-4668-BE54-9A1E7A4F7556}") = "PlugIn.AMQPServices.Plugin", "Agent\Plugins\AMQPServices\Plugin\PlugIn.AMQPServices.Plugin.csproj", "{477B2C1F-2E87-44E1-878B-88C5DC57253A}"
EndProject
Project("{2150E333-8FDC-42A3-9474-1A3956D46DE8}") = "AMQPServices", "AMQPServices", "{6580BE5E-B523-4FC2-88AB-5D449B12D3C9}"
EndProject
Project("{9A19103F-16F7-4668-BE54-9A1E7A4F7556}") = "PlugIn.AMQPServices.StringConstants", "Agent\Plugins\AMQPServices\StringConstants\PlugIn.AMQPServices.StringConstants.csproj", "{A0D86D8A-0046-469A-BE84-D986728FEAD4}"
EndProject
Global
	GlobalSection(SolutionConfigurationPlatforms) = preSolution
		Debug|Any CPU = Debug|Any CPU
		Release|Any CPU = Release|Any CPU
	EndGlobalSection
	GlobalSection(ProjectConfigurationPlatforms) = postSolution
		{722E51FC-A9FB-4B6D-AA10-DFD8D2C137B1}.Debug|Any CPU.ActiveCfg = Release|Any CPU
		{722E51FC-A9FB-4B6D-AA10-DFD8D2C137B1}.Debug|Any CPU.Build.0 = Release|Any CPU
		{722E51FC-A9FB-4B6D-AA10-DFD8D2C137B1}.Release|Any CPU.ActiveCfg = Release|Any CPU
		{722E51FC-A9FB-4B6D-AA10-DFD8D2C137B1}.Release|Any CPU.Build.0 = Release|Any CPU
		{B0ACF5E7-70C9-46A5-A273-FAEDF3DE9611}.Debug|Any CPU.ActiveCfg = Debug|Any CPU
		{B0ACF5E7-70C9-46A5-A273-FAEDF3DE9611}.Debug|Any CPU.Build.0 = Debug|Any CPU
		{B0ACF5E7-70C9-46A5-A273-FAEDF3DE9611}.Release|Any CPU.ActiveCfg = Release|Any CPU
		{B0ACF5E7-70C9-46A5-A273-FAEDF3DE9611}.Release|Any CPU.Build.0 = Release|Any CPU
		{8D6DE92C-637E-4433-9810-98D7FBCEA6BA}.Debug|Any CPU.ActiveCfg = Debug|Any CPU
		{8D6DE92C-637E-4433-9810-98D7FBCEA6BA}.Debug|Any CPU.Build.0 = Debug|Any CPU
		{8D6DE92C-637E-4433-9810-98D7FBCEA6BA}.Release|Any CPU.ActiveCfg = Release|Any CPU
		{8D6DE92C-637E-4433-9810-98D7FBCEA6BA}.Release|Any CPU.Build.0 = Release|Any CPU
		{130DED02-5984-487C-93DD-0D264EED140E}.Debug|Any CPU.ActiveCfg = Debug|Any CPU
		{130DED02-5984-487C-93DD-0D264EED140E}.Debug|Any CPU.Build.0 = Debug|Any CPU
		{130DED02-5984-487C-93DD-0D264EED140E}.Release|Any CPU.ActiveCfg = Release|Any CPU
		{130DED02-5984-487C-93DD-0D264EED140E}.Release|Any CPU.Build.0 = Release|Any CPU
		{D88FA700-5D18-401F-8515-A5E3A4890084}.Debug|Any CPU.ActiveCfg = Debug|Any CPU
		{D88FA700-5D18-401F-8515-A5E3A4890084}.Debug|Any CPU.Build.0 = Debug|Any CPU
		{D88FA700-5D18-401F-8515-A5E3A4890084}.Release|Any CPU.ActiveCfg = Release|Any CPU
		{D88FA700-5D18-401F-8515-A5E3A4890084}.Release|Any CPU.Build.0 = Release|Any CPU
		{364D1E63-B911-4AC0-AC2B-A5CF23C64C0F}.Debug|Any CPU.ActiveCfg = Debug|Any CPU
		{364D1E63-B911-4AC0-AC2B-A5CF23C64C0F}.Debug|Any CPU.Build.0 = Debug|Any CPU
		{364D1E63-B911-4AC0-AC2B-A5CF23C64C0F}.Release|Any CPU.ActiveCfg = Release|Any CPU
		{364D1E63-B911-4AC0-AC2B-A5CF23C64C0F}.Release|Any CPU.Build.0 = Release|Any CPU
		{5FA00593-5F8C-4DEB-A6FA-51A8D0CA76F7}.Debug|Any CPU.ActiveCfg = Debug|Any CPU
		{5FA00593-5F8C-4DEB-A6FA-51A8D0CA76F7}.Debug|Any CPU.Build.0 = Debug|Any CPU
		{5FA00593-5F8C-4DEB-A6FA-51A8D0CA76F7}.Release|Any CPU.ActiveCfg = Release|Any CPU
		{5FA00593-5F8C-4DEB-A6FA-51A8D0CA76F7}.Release|Any CPU.Build.0 = Release|Any CPU
		{6D051132-4829-41E9-9658-306FE30F6C38}.Debug|Any CPU.ActiveCfg = Debug|Any CPU
		{6D051132-4829-41E9-9658-306FE30F6C38}.Debug|Any CPU.Build.0 = Debug|Any CPU
		{6D051132-4829-41E9-9658-306FE30F6C38}.Release|Any CPU.ActiveCfg = Release|Any CPU
		{6D051132-4829-41E9-9658-306FE30F6C38}.Release|Any CPU.Build.0 = Release|Any CPU
		{5908C201-44B9-4BCA-A9F1-BCDF6F66833F}.Debug|Any CPU.ActiveCfg = Debug|Any CPU
		{5908C201-44B9-4BCA-A9F1-BCDF6F66833F}.Debug|Any CPU.Build.0 = Debug|Any CPU
		{5908C201-44B9-4BCA-A9F1-BCDF6F66833F}.Release|Any CPU.ActiveCfg = Release|Any CPU
		{5908C201-44B9-4BCA-A9F1-BCDF6F66833F}.Release|Any CPU.Build.0 = Release|Any CPU
		{F5716271-52EF-4B8B-B70A-F228D1222CAA}.Debug|Any CPU.ActiveCfg = Debug|Any CPU
		{F5716271-52EF-4B8B-B70A-F228D1222CAA}.Debug|Any CPU.Build.0 = Debug|Any CPU
		{F5716271-52EF-4B8B-B70A-F228D1222CAA}.Release|Any CPU.ActiveCfg = Release|Any CPU
		{F5716271-52EF-4B8B-B70A-F228D1222CAA}.Release|Any CPU.Build.0 = Release|Any CPU
		{E9777AD7-8928-4DD9-AC9A-A4E5E576F620}.Debug|Any CPU.ActiveCfg = Debug|Any CPU
		{E9777AD7-8928-4DD9-AC9A-A4E5E576F620}.Debug|Any CPU.Build.0 = Debug|Any CPU
		{E9777AD7-8928-4DD9-AC9A-A4E5E576F620}.Release|Any CPU.ActiveCfg = Release|Any CPU
		{E9777AD7-8928-4DD9-AC9A-A4E5E576F620}.Release|Any CPU.Build.0 = Release|Any CPU
		{8E880A9D-47E1-4EC0-B698-2BD6D4C17A80}.Debug|Any CPU.ActiveCfg = Debug|Any CPU
		{8E880A9D-47E1-4EC0-B698-2BD6D4C17A80}.Debug|Any CPU.Build.0 = Debug|Any CPU
		{8E880A9D-47E1-4EC0-B698-2BD6D4C17A80}.Release|Any CPU.ActiveCfg = Release|Any CPU
		{8E880A9D-47E1-4EC0-B698-2BD6D4C17A80}.Release|Any CPU.Build.0 = Release|Any CPU
		{DDA36E39-D60B-4624-ACC3-1910C2E821E0}.Debug|Any CPU.ActiveCfg = Debug|Any CPU
		{DDA36E39-D60B-4624-ACC3-1910C2E821E0}.Debug|Any CPU.Build.0 = Debug|Any CPU
		{DDA36E39-D60B-4624-ACC3-1910C2E821E0}.Release|Any CPU.ActiveCfg = Release|Any CPU
		{DDA36E39-D60B-4624-ACC3-1910C2E821E0}.Release|Any CPU.Build.0 = Release|Any CPU
		{65E74DFA-C9B4-49C9-83C4-591A5779D1E8}.Debug|Any CPU.ActiveCfg = Debug|Any CPU
		{65E74DFA-C9B4-49C9-83C4-591A5779D1E8}.Debug|Any CPU.Build.0 = Debug|Any CPU
		{65E74DFA-C9B4-49C9-83C4-591A5779D1E8}.Release|Any CPU.ActiveCfg = Release|Any CPU
		{65E74DFA-C9B4-49C9-83C4-591A5779D1E8}.Release|Any CPU.Build.0 = Release|Any CPU
		{F397F057-6267-4A56-BE06-313FCB97D7CB}.Debug|Any CPU.ActiveCfg = Debug|Any CPU
		{F397F057-6267-4A56-BE06-313FCB97D7CB}.Debug|Any CPU.Build.0 = Debug|Any CPU
		{F397F057-6267-4A56-BE06-313FCB97D7CB}.Release|Any CPU.ActiveCfg = Release|Any CPU
		{F397F057-6267-4A56-BE06-313FCB97D7CB}.Release|Any CPU.Build.0 = Release|Any CPU
		{69083826-DF64-4E73-83B4-50D6EED7A6FA}.Debug|Any CPU.ActiveCfg = Debug|Any CPU
		{69083826-DF64-4E73-83B4-50D6EED7A6FA}.Debug|Any CPU.Build.0 = Debug|Any CPU
		{69083826-DF64-4E73-83B4-50D6EED7A6FA}.Release|Any CPU.ActiveCfg = Release|Any CPU
		{69083826-DF64-4E73-83B4-50D6EED7A6FA}.Release|Any CPU.Build.0 = Release|Any CPU
		{EBE48F6E-B168-4B11-9050-E8DFFE86016F}.Debug|Any CPU.ActiveCfg = Debug|Any CPU
		{EBE48F6E-B168-4B11-9050-E8DFFE86016F}.Debug|Any CPU.Build.0 = Debug|Any CPU
		{EBE48F6E-B168-4B11-9050-E8DFFE86016F}.Release|Any CPU.ActiveCfg = Release|Any CPU
		{EBE48F6E-B168-4B11-9050-E8DFFE86016F}.Release|Any CPU.Build.0 = Release|Any CPU
		{C83F8693-87F1-4786-AC4D-6483B51983CF}.Debug|Any CPU.ActiveCfg = Debug|Any CPU
		{C83F8693-87F1-4786-AC4D-6483B51983CF}.Debug|Any CPU.Build.0 = Debug|Any CPU
		{C83F8693-87F1-4786-AC4D-6483B51983CF}.Release|Any CPU.ActiveCfg = Release|Any CPU
		{C83F8693-87F1-4786-AC4D-6483B51983CF}.Release|Any CPU.Build.0 = Release|Any CPU
		{F2C3747C-4DA7-428C-8DDC-F33F27247B26}.Debug|Any CPU.ActiveCfg = Debug|Any CPU
		{F2C3747C-4DA7-428C-8DDC-F33F27247B26}.Debug|Any CPU.Build.0 = Debug|Any CPU
		{F2C3747C-4DA7-428C-8DDC-F33F27247B26}.Release|Any CPU.ActiveCfg = Release|Any CPU
		{F2C3747C-4DA7-428C-8DDC-F33F27247B26}.Release|Any CPU.Build.0 = Release|Any CPU
		{57A0F5F5-7CF6-4E49-B7D7-334D54AACAAF}.Debug|Any CPU.ActiveCfg = Debug|Any CPU
		{57A0F5F5-7CF6-4E49-B7D7-334D54AACAAF}.Debug|Any CPU.Build.0 = Debug|Any CPU
		{57A0F5F5-7CF6-4E49-B7D7-334D54AACAAF}.Release|Any CPU.ActiveCfg = Release|Any CPU
		{57A0F5F5-7CF6-4E49-B7D7-334D54AACAAF}.Release|Any CPU.Build.0 = Release|Any CPU
		{D9248A1A-2B3D-4015-B885-F71AA3EE649D}.Debug|Any CPU.ActiveCfg = Debug|Any CPU
		{D9248A1A-2B3D-4015-B885-F71AA3EE649D}.Debug|Any CPU.Build.0 = Debug|Any CPU
		{D9248A1A-2B3D-4015-B885-F71AA3EE649D}.Release|Any CPU.ActiveCfg = Release|Any CPU
		{D9248A1A-2B3D-4015-B885-F71AA3EE649D}.Release|Any CPU.Build.0 = Release|Any CPU
		{CB9940B9-8099-4FE4-B060-693591411332}.Debug|Any CPU.ActiveCfg = Debug|Any CPU
		{CB9940B9-8099-4FE4-B060-693591411332}.Debug|Any CPU.Build.0 = Debug|Any CPU
		{CB9940B9-8099-4FE4-B060-693591411332}.Release|Any CPU.ActiveCfg = Release|Any CPU
		{CB9940B9-8099-4FE4-B060-693591411332}.Release|Any CPU.Build.0 = Release|Any CPU
		{409C2A14-1E25-4715-B0B9-EF12E2758891}.Debug|Any CPU.ActiveCfg = Debug|Any CPU
		{409C2A14-1E25-4715-B0B9-EF12E2758891}.Debug|Any CPU.Build.0 = Debug|Any CPU
		{409C2A14-1E25-4715-B0B9-EF12E2758891}.Release|Any CPU.ActiveCfg = Release|Any CPU
		{409C2A14-1E25-4715-B0B9-EF12E2758891}.Release|Any CPU.Build.0 = Release|Any CPU
		{930BF7DA-543E-46B9-9A37-4A60BA9605A8}.Debug|Any CPU.ActiveCfg = Debug|Any CPU
		{930BF7DA-543E-46B9-9A37-4A60BA9605A8}.Debug|Any CPU.Build.0 = Debug|Any CPU
		{930BF7DA-543E-46B9-9A37-4A60BA9605A8}.Release|Any CPU.ActiveCfg = Release|Any CPU
		{930BF7DA-543E-46B9-9A37-4A60BA9605A8}.Release|Any CPU.Build.0 = Release|Any CPU
		{FB1BD6A5-3469-4BBB-9840-779DC95354E9}.Debug|Any CPU.ActiveCfg = Debug|Any CPU
		{FB1BD6A5-3469-4BBB-9840-779DC95354E9}.Debug|Any CPU.Build.0 = Debug|Any CPU
		{FB1BD6A5-3469-4BBB-9840-779DC95354E9}.Release|Any CPU.ActiveCfg = Release|Any CPU
		{FB1BD6A5-3469-4BBB-9840-779DC95354E9}.Release|Any CPU.Build.0 = Release|Any CPU
		{3565B916-A861-4604-8E6A-79F90DD34A1E}.Debug|Any CPU.ActiveCfg = Debug|Any CPU
		{3565B916-A861-4604-8E6A-79F90DD34A1E}.Debug|Any CPU.Build.0 = Debug|Any CPU
		{3565B916-A861-4604-8E6A-79F90DD34A1E}.Release|Any CPU.ActiveCfg = Release|Any CPU
		{3565B916-A861-4604-8E6A-79F90DD34A1E}.Release|Any CPU.Build.0 = Release|Any CPU
		{7133175E-14AB-4E4D-817C-5E356323A70F}.Debug|Any CPU.ActiveCfg = Debug|Any CPU
		{7133175E-14AB-4E4D-817C-5E356323A70F}.Debug|Any CPU.Build.0 = Debug|Any CPU
		{7133175E-14AB-4E4D-817C-5E356323A70F}.Release|Any CPU.ActiveCfg = Release|Any CPU
		{7133175E-14AB-4E4D-817C-5E356323A70F}.Release|Any CPU.Build.0 = Release|Any CPU
		{668AFC2F-E0DF-4393-AAD2-DA60ACE55D8F}.Debug|Any CPU.ActiveCfg = Debug|Any CPU
		{668AFC2F-E0DF-4393-AAD2-DA60ACE55D8F}.Debug|Any CPU.Build.0 = Debug|Any CPU
		{668AFC2F-E0DF-4393-AAD2-DA60ACE55D8F}.Release|Any CPU.ActiveCfg = Release|Any CPU
		{668AFC2F-E0DF-4393-AAD2-DA60ACE55D8F}.Release|Any CPU.Build.0 = Release|Any CPU
		{6A1C9DE5-4847-41B0-9C05-FC55F3AF3852}.Debug|Any CPU.ActiveCfg = Debug|Any CPU
		{6A1C9DE5-4847-41B0-9C05-FC55F3AF3852}.Debug|Any CPU.Build.0 = Debug|Any CPU
		{6A1C9DE5-4847-41B0-9C05-FC55F3AF3852}.Release|Any CPU.ActiveCfg = Release|Any CPU
		{6A1C9DE5-4847-41B0-9C05-FC55F3AF3852}.Release|Any CPU.Build.0 = Release|Any CPU
		{7E7FEEED-87CB-4D99-A403-19AAF1BE9049}.Debug|Any CPU.ActiveCfg = Debug|Any CPU
		{7E7FEEED-87CB-4D99-A403-19AAF1BE9049}.Debug|Any CPU.Build.0 = Debug|Any CPU
		{7E7FEEED-87CB-4D99-A403-19AAF1BE9049}.Release|Any CPU.ActiveCfg = Release|Any CPU
		{7E7FEEED-87CB-4D99-A403-19AAF1BE9049}.Release|Any CPU.Build.0 = Release|Any CPU
		{66DF64EE-690C-4C9F-A540-597C463949EF}.Debug|Any CPU.ActiveCfg = Debug|Any CPU
		{66DF64EE-690C-4C9F-A540-597C463949EF}.Debug|Any CPU.Build.0 = Debug|Any CPU
		{66DF64EE-690C-4C9F-A540-597C463949EF}.Release|Any CPU.ActiveCfg = Release|Any CPU
		{66DF64EE-690C-4C9F-A540-597C463949EF}.Release|Any CPU.Build.0 = Release|Any CPU
		{22BF0314-77F1-4B6F-8CF5-48D80026CF24}.Debug|Any CPU.ActiveCfg = Debug|Any CPU
		{22BF0314-77F1-4B6F-8CF5-48D80026CF24}.Debug|Any CPU.Build.0 = Debug|Any CPU
		{22BF0314-77F1-4B6F-8CF5-48D80026CF24}.Release|Any CPU.ActiveCfg = Release|Any CPU
		{22BF0314-77F1-4B6F-8CF5-48D80026CF24}.Release|Any CPU.Build.0 = Release|Any CPU
		{9C3883C4-3227-4BE8-B236-3EE404C0B79D}.Debug|Any CPU.ActiveCfg = Debug|Any CPU
		{9C3883C4-3227-4BE8-B236-3EE404C0B79D}.Debug|Any CPU.Build.0 = Debug|Any CPU
		{9C3883C4-3227-4BE8-B236-3EE404C0B79D}.Release|Any CPU.ActiveCfg = Release|Any CPU
		{9C3883C4-3227-4BE8-B236-3EE404C0B79D}.Release|Any CPU.Build.0 = Release|Any CPU
		{C554EC8F-A55C-4FBF-B606-2712A0DC78E5}.Debug|Any CPU.ActiveCfg = Debug|Any CPU
		{C554EC8F-A55C-4FBF-B606-2712A0DC78E5}.Debug|Any CPU.Build.0 = Debug|Any CPU
		{C554EC8F-A55C-4FBF-B606-2712A0DC78E5}.Release|Any CPU.ActiveCfg = Release|Any CPU
		{C554EC8F-A55C-4FBF-B606-2712A0DC78E5}.Release|Any CPU.Build.0 = Release|Any CPU
		{A337FC4C-5374-4C53-A665-B8603BCBCFEE}.Debug|Any CPU.ActiveCfg = Debug|Any CPU
		{A337FC4C-5374-4C53-A665-B8603BCBCFEE}.Debug|Any CPU.Build.0 = Debug|Any CPU
		{A337FC4C-5374-4C53-A665-B8603BCBCFEE}.Release|Any CPU.ActiveCfg = Release|Any CPU
		{A337FC4C-5374-4C53-A665-B8603BCBCFEE}.Release|Any CPU.Build.0 = Release|Any CPU
		{7846123D-9D31-47F0-A2EC-1381B7567B51}.Debug|Any CPU.ActiveCfg = Debug|Any CPU
		{7846123D-9D31-47F0-A2EC-1381B7567B51}.Debug|Any CPU.Build.0 = Debug|Any CPU
		{7846123D-9D31-47F0-A2EC-1381B7567B51}.Release|Any CPU.ActiveCfg = Release|Any CPU
		{7846123D-9D31-47F0-A2EC-1381B7567B51}.Release|Any CPU.Build.0 = Release|Any CPU
		{72E7DFE6-FC4D-48BE-9CE0-91967AD97A40}.Debug|Any CPU.ActiveCfg = Debug|Any CPU
		{72E7DFE6-FC4D-48BE-9CE0-91967AD97A40}.Debug|Any CPU.Build.0 = Debug|Any CPU
		{72E7DFE6-FC4D-48BE-9CE0-91967AD97A40}.Release|Any CPU.ActiveCfg = Release|Any CPU
		{72E7DFE6-FC4D-48BE-9CE0-91967AD97A40}.Release|Any CPU.Build.0 = Release|Any CPU
		{8636D47E-E05F-4AE2-9AA5-FB4B91A31BA7}.Debug|Any CPU.ActiveCfg = Debug|Any CPU
		{8636D47E-E05F-4AE2-9AA5-FB4B91A31BA7}.Debug|Any CPU.Build.0 = Debug|Any CPU
		{8636D47E-E05F-4AE2-9AA5-FB4B91A31BA7}.Release|Any CPU.ActiveCfg = Release|Any CPU
		{8636D47E-E05F-4AE2-9AA5-FB4B91A31BA7}.Release|Any CPU.Build.0 = Release|Any CPU
		{A0EE81D1-DABB-4F4A-8932-AC4142F79E2B}.Debug|Any CPU.ActiveCfg = Debug|Any CPU
		{A0EE81D1-DABB-4F4A-8932-AC4142F79E2B}.Debug|Any CPU.Build.0 = Debug|Any CPU
		{A0EE81D1-DABB-4F4A-8932-AC4142F79E2B}.Release|Any CPU.ActiveCfg = Release|Any CPU
		{A0EE81D1-DABB-4F4A-8932-AC4142F79E2B}.Release|Any CPU.Build.0 = Release|Any CPU
		{983DE202-A7BB-4561-9777-4DFDF3B5DD1C}.Debug|Any CPU.ActiveCfg = Debug|Any CPU
		{983DE202-A7BB-4561-9777-4DFDF3B5DD1C}.Debug|Any CPU.Build.0 = Debug|Any CPU
		{983DE202-A7BB-4561-9777-4DFDF3B5DD1C}.Release|Any CPU.ActiveCfg = Release|Any CPU
		{983DE202-A7BB-4561-9777-4DFDF3B5DD1C}.Release|Any CPU.Build.0 = Release|Any CPU
		{8925B9EC-45D3-4BE8-9007-CFD88DFD84A9}.Debug|Any CPU.ActiveCfg = Debug|Any CPU
		{8925B9EC-45D3-4BE8-9007-CFD88DFD84A9}.Debug|Any CPU.Build.0 = Debug|Any CPU
		{8925B9EC-45D3-4BE8-9007-CFD88DFD84A9}.Release|Any CPU.ActiveCfg = Release|Any CPU
		{8925B9EC-45D3-4BE8-9007-CFD88DFD84A9}.Release|Any CPU.Build.0 = Release|Any CPU
		{477B2C1F-2E87-44E1-878B-88C5DC57253A}.Debug|Any CPU.ActiveCfg = Debug|Any CPU
		{477B2C1F-2E87-44E1-878B-88C5DC57253A}.Debug|Any CPU.Build.0 = Debug|Any CPU
		{477B2C1F-2E87-44E1-878B-88C5DC57253A}.Release|Any CPU.ActiveCfg = Release|Any CPU
		{477B2C1F-2E87-44E1-878B-88C5DC57253A}.Release|Any CPU.Build.0 = Release|Any CPU
		{A0D86D8A-0046-469A-BE84-D986728FEAD4}.Debug|Any CPU.ActiveCfg = Debug|Any CPU
		{A0D86D8A-0046-469A-BE84-D986728FEAD4}.Debug|Any CPU.Build.0 = Debug|Any CPU
		{A0D86D8A-0046-469A-BE84-D986728FEAD4}.Release|Any CPU.ActiveCfg = Release|Any CPU
		{A0D86D8A-0046-469A-BE84-D986728FEAD4}.Release|Any CPU.Build.0 = Release|Any CPU
	EndGlobalSection
	GlobalSection(SolutionProperties) = preSolution
		HideSolutionNode = FALSE
	EndGlobalSection
	GlobalSection(NestedProjects) = preSolution
		{358C6FBD-56E7-4385-A70C-9191A4085A2C} = {0E1DC973-37C6-4373-9B8F-DCF540F7EBF2}
		{EBB234E4-867B-467A-BE11-D4651843D1DF} = {0E1DC973-37C6-4373-9B8F-DCF540F7EBF2}
		{E38BAEFE-15F9-429E-94F3-BE71D2115B86} = {0E1DC973-37C6-4373-9B8F-DCF540F7EBF2}
		{2894C382-76E8-4B77-BFAE-3CF8433AFC55} = {E38BAEFE-15F9-429E-94F3-BE71D2115B86}
		{E1D20164-8795-40E5-92D1-20E4D5F0753D} = {E38BAEFE-15F9-429E-94F3-BE71D2115B86}
		{4F890257-219C-4A15-A143-74E0F7BCA81F} = {E38BAEFE-15F9-429E-94F3-BE71D2115B86}
		{F16EF490-DC68-4DD0-B76E-6587390E2765} = {E38BAEFE-15F9-429E-94F3-BE71D2115B86}
		{98781561-2E59-4F90-8CFF-2696752F7070} = {5ED42294-12FE-4055-9A79-8334896F351B}
		{1F751B0F-2900-4E82-836F-AEE00D52B079} = {5ED42294-12FE-4055-9A79-8334896F351B}
		{A4399FC1-E4EE-48AA-A011-67D5143AFDD2} = {5ED42294-12FE-4055-9A79-8334896F351B}
		{72F1C163-700A-4E3E-BADD-927E1E36E678} = {0E1DC973-37C6-4373-9B8F-DCF540F7EBF2}
		{62792E7E-B265-44C0-A663-2843841BEF0D} = {0E1DC973-37C6-4373-9B8F-DCF540F7EBF2}
		{722E51FC-A9FB-4B6D-AA10-DFD8D2C137B1} = {E2EC32C9-58E3-447F-93ED-E48B18D0F70C}
		{B0ACF5E7-70C9-46A5-A273-FAEDF3DE9611} = {62792E7E-B265-44C0-A663-2843841BEF0D}
		{8D6DE92C-637E-4433-9810-98D7FBCEA6BA} = {72F1C163-700A-4E3E-BADD-927E1E36E678}
		{130DED02-5984-487C-93DD-0D264EED140E} = {72F1C163-700A-4E3E-BADD-927E1E36E678}
		{D88FA700-5D18-401F-8515-A5E3A4890084} = {72F1C163-700A-4E3E-BADD-927E1E36E678}
		{364D1E63-B911-4AC0-AC2B-A5CF23C64C0F} = {2894C382-76E8-4B77-BFAE-3CF8433AFC55}
		{5FA00593-5F8C-4DEB-A6FA-51A8D0CA76F7} = {2894C382-76E8-4B77-BFAE-3CF8433AFC55}
		{6D051132-4829-41E9-9658-306FE30F6C38} = {2894C382-76E8-4B77-BFAE-3CF8433AFC55}
		{5908C201-44B9-4BCA-A9F1-BCDF6F66833F} = {2894C382-76E8-4B77-BFAE-3CF8433AFC55}
		{F5716271-52EF-4B8B-B70A-F228D1222CAA} = {2894C382-76E8-4B77-BFAE-3CF8433AFC55}
		{E9777AD7-8928-4DD9-AC9A-A4E5E576F620} = {2894C382-76E8-4B77-BFAE-3CF8433AFC55}
		{8E880A9D-47E1-4EC0-B698-2BD6D4C17A80} = {4F890257-219C-4A15-A143-74E0F7BCA81F}
		{DDA36E39-D60B-4624-ACC3-1910C2E821E0} = {4F890257-219C-4A15-A143-74E0F7BCA81F}
		{65E74DFA-C9B4-49C9-83C4-591A5779D1E8} = {4F890257-219C-4A15-A143-74E0F7BCA81F}
		{F397F057-6267-4A56-BE06-313FCB97D7CB} = {4F890257-219C-4A15-A143-74E0F7BCA81F}
		{69083826-DF64-4E73-83B4-50D6EED7A6FA} = {4F890257-219C-4A15-A143-74E0F7BCA81F}
		{EBE48F6E-B168-4B11-9050-E8DFFE86016F} = {F16EF490-DC68-4DD0-B76E-6587390E2765}
		{C83F8693-87F1-4786-AC4D-6483B51983CF} = {F16EF490-DC68-4DD0-B76E-6587390E2765}
		{F2C3747C-4DA7-428C-8DDC-F33F27247B26} = {F16EF490-DC68-4DD0-B76E-6587390E2765}
		{57A0F5F5-7CF6-4E49-B7D7-334D54AACAAF} = {F16EF490-DC68-4DD0-B76E-6587390E2765}
		{D9248A1A-2B3D-4015-B885-F71AA3EE649D} = {F16EF490-DC68-4DD0-B76E-6587390E2765}
		{CB9940B9-8099-4FE4-B060-693591411332} = {72F1C163-700A-4E3E-BADD-927E1E36E678}
		{409C2A14-1E25-4715-B0B9-EF12E2758891} = {62792E7E-B265-44C0-A663-2843841BEF0D}
		{930BF7DA-543E-46B9-9A37-4A60BA9605A8} = {F16EF490-DC68-4DD0-B76E-6587390E2765}
		{FB1BD6A5-3469-4BBB-9840-779DC95354E9} = {4F890257-219C-4A15-A143-74E0F7BCA81F}
		{3565B916-A861-4604-8E6A-79F90DD34A1E} = {E1D20164-8795-40E5-92D1-20E4D5F0753D}
		{7133175E-14AB-4E4D-817C-5E356323A70F} = {E1D20164-8795-40E5-92D1-20E4D5F0753D}
		{668AFC2F-E0DF-4393-AAD2-DA60ACE55D8F} = {E1D20164-8795-40E5-92D1-20E4D5F0753D}
		{6A1C9DE5-4847-41B0-9C05-FC55F3AF3852} = {E1D20164-8795-40E5-92D1-20E4D5F0753D}
		{7E7FEEED-87CB-4D99-A403-19AAF1BE9049} = {E1D20164-8795-40E5-92D1-20E4D5F0753D}
		{66DF64EE-690C-4C9F-A540-597C463949EF} = {E1D20164-8795-40E5-92D1-20E4D5F0753D}
		{22BF0314-77F1-4B6F-8CF5-48D80026CF24} = {B70F6ACB-893B-4914-A7F3-A0D214F238ED}
		{9C3883C4-3227-4BE8-B236-3EE404C0B79D} = {B70F6ACB-893B-4914-A7F3-A0D214F238ED}
		{C554EC8F-A55C-4FBF-B606-2712A0DC78E5} = {B70F6ACB-893B-4914-A7F3-A0D214F238ED}
		{A337FC4C-5374-4C53-A665-B8603BCBCFEE} = {B70F6ACB-893B-4914-A7F3-A0D214F238ED}
		{7846123D-9D31-47F0-A2EC-1381B7567B51} = {B70F6ACB-893B-4914-A7F3-A0D214F238ED}
		{72E7DFE6-FC4D-48BE-9CE0-91967AD97A40} = {6580BE5E-B523-4FC2-88AB-5D449B12D3C9}
		{8636D47E-E05F-4AE2-9AA5-FB4B91A31BA7} = {6580BE5E-B523-4FC2-88AB-5D449B12D3C9}
		{A0EE81D1-DABB-4F4A-8932-AC4142F79E2B} = {6580BE5E-B523-4FC2-88AB-5D449B12D3C9}
		{983DE202-A7BB-4561-9777-4DFDF3B5DD1C} = {6580BE5E-B523-4FC2-88AB-5D449B12D3C9}
		{8925B9EC-45D3-4BE8-9007-CFD88DFD84A9} = {6580BE5E-B523-4FC2-88AB-5D449B12D3C9}
		{477B2C1F-2E87-44E1-878B-88C5DC57253A} = {6580BE5E-B523-4FC2-88AB-5D449B12D3C9}
		{6580BE5E-B523-4FC2-88AB-5D449B12D3C9} = {E38BAEFE-15F9-429E-94F3-BE71D2115B86}
		{A0D86D8A-0046-469A-BE84-D986728FEAD4} = {6580BE5E-B523-4FC2-88AB-5D449B12D3C9}
	EndGlobalSection
	GlobalSection(ExtensibilityGlobals) = postSolution
		SolutionGuid = {44B34B59-441A-460C-85B9-364D0E4153F9}
	EndGlobalSection
EndGlobal
