
Microsoft Visual Studio Solution File, Format Version 12.00
# Visual Studio 15
VisualStudioVersion = 15.0.27130.2024
MinimumVisualStudioVersion = 10.0.40219.1
Project("{9A19103F-16F7-4668-BE54-9A1E7A4F7556}") = "AceGUI", "AceGUI\AceGUI.csproj", "{722E51FC-A9FB-4B6D-AA10-DFD8D2C137B1}"
EndProject
Project("{9A19103F-16F7-4668-BE54-9A1E7A4F7556}") = "AceService", "AceService\AceService\AceService.csproj", "{CF36BF58-D08F-425A-9A6A-D0A86C506110}"
	ProjectSection(ProjectDependencies) = postProject
		{8D6DE92C-637E-4433-9810-98D7FBCEA6BA} = {8D6DE92C-637E-4433-9810-98D7FBCEA6BA}
		{12B06E45-12F5-4E56-ADB4-5879D98D3105} = {12B06E45-12F5-4E56-ADB4-5879D98D3105}
	EndProjectSection
EndProject
Project("{9A19103F-16F7-4668-BE54-9A1E7A4F7556}") = "AceService.BaseServiceModel", "AceService\AceService.BaseServiceModel\AceService.BaseServiceModel.csproj", "{8D6DE92C-637E-4433-9810-98D7FBCEA6BA}"
EndProject
Project("{9A19103F-16F7-4668-BE54-9A1E7A4F7556}") = "AceService.BaseServiceInterface", "AceService\AceService.BaseServiceInterface\AceService.BaseServiceInterface.csproj", "{130DED02-5984-487C-93DD-0D264EED140E}"
EndProject
Project("{9A19103F-16F7-4668-BE54-9A1E7A4F7556}") = "AceService.BaseServiceTests", "AceService\AceService.BaseServiceTests\AceService.BaseServiceTests.csproj", "{12B06E45-12F5-4E56-ADB4-5879D98D3105}"
EndProject
Project("{2150E333-8FDC-42A3-9474-1A3956D46DE8}") = "AceServicePlugins", "AceServicePlugins", "{52B10DF4-0C16-4CFA-85A4-F67D536EDBAF}"
EndProject
Project("{9A19103F-16F7-4668-BE54-9A1E7A4F7556}") = "AceService.MinerServices.Plugin", "AceService\AceService.MinerServices.Plugin\AceService.MinerServices.Plugin.csproj", "{7AC66F7A-E44A-435B-BE07-5EC646466AA7}"
EndProject
Project("{2150E333-8FDC-42A3-9474-1A3956D46DE8}") = "Releases", "Releases", "{BAEE4E8C-1B7F-4030-9B12-A343D24EBA9D}"
EndProject
Project("{2150E333-8FDC-42A3-9474-1A3956D46DE8}") = "Solution Items", "Solution Items", "{87D83409-A5BD-4BAE-94A8-D30A2206E64A}"
	ProjectSection(SolutionItems) = preProject
		.editorconfig = .editorconfig
		.filenesting.json = .filenesting.json
		Directory.Build.props = Directory.Build.props
		README.md = README.md
	EndProjectSection
EndProject
Project("{9A19103F-16F7-4668-BE54-9A1E7A4F7556}") = "AceService.MinerServices.Interfaces", "AceService\AceService.MinerServices.Interfaces\AceService.MinerServices.Interfaces.csproj", "{C5AD90F4-7925-4A2D-AB43-1118A02E066B}"
EndProject
Project("{9A19103F-16F7-4668-BE54-9A1E7A4F7556}") = "AceService.MinerServices.Models", "AceService\AceService.MinerServices.Models\AceService.MinerServices.Models.csproj", "{EAC16C92-7D28-4ACE-83BF-983DC9141790}"
EndProject
Project("{9A19103F-16F7-4668-BE54-9A1E7A4F7556}") = "AceService.GUIServices.Models", "AceService\AceService.GUIServices.Models\AceService.GUIServices.Models.csproj", "{364D1E63-B911-4AC0-AC2B-A5CF23C64C0F}"
EndProject
Project("{9A19103F-16F7-4668-BE54-9A1E7A4F7556}") = "AceService.GUIServices.Interfaces", "AceService\AceService.GUIServices.Interfaces\AceService.GUIServices.Interfaces.csproj", "{5FA00593-5F8C-4DEB-A6FA-51A8D0CA76F7}"
EndProject
Project("{9A19103F-16F7-4668-BE54-9A1E7A4F7556}") = "AceService.GUIServices.Plugin", "AceService\AceService.GUIServices.Plugin\AceService.GUIServices.Plugin.csproj", "{6D051132-4829-41E9-9658-306FE30F6C38}"
EndProject
Global
	GlobalSection(SolutionConfigurationPlatforms) = preSolution
		Debug|Any CPU = Debug|Any CPU
		Release|Any CPU = Release|Any CPU
	EndGlobalSection
	GlobalSection(ProjectConfigurationPlatforms) = postSolution
		{722E51FC-A9FB-4B6D-AA10-DFD8D2C137B1}.Debug|Any CPU.ActiveCfg = Debug|Any CPU
		{722E51FC-A9FB-4B6D-AA10-DFD8D2C137B1}.Debug|Any CPU.Build.0 = Debug|Any CPU
		{722E51FC-A9FB-4B6D-AA10-DFD8D2C137B1}.Release|Any CPU.ActiveCfg = Release|Any CPU
		{722E51FC-A9FB-4B6D-AA10-DFD8D2C137B1}.Release|Any CPU.Build.0 = Release|Any CPU
		{CF36BF58-D08F-425A-9A6A-D0A86C506110}.Debug|Any CPU.ActiveCfg = Debug|Any CPU
		{CF36BF58-D08F-425A-9A6A-D0A86C506110}.Debug|Any CPU.Build.0 = Debug|Any CPU
		{CF36BF58-D08F-425A-9A6A-D0A86C506110}.Release|Any CPU.ActiveCfg = Release|Any CPU
		{CF36BF58-D08F-425A-9A6A-D0A86C506110}.Release|Any CPU.Build.0 = Release|Any CPU
		{8D6DE92C-637E-4433-9810-98D7FBCEA6BA}.Debug|Any CPU.ActiveCfg = Debug|Any CPU
		{8D6DE92C-637E-4433-9810-98D7FBCEA6BA}.Debug|Any CPU.Build.0 = Debug|Any CPU
		{8D6DE92C-637E-4433-9810-98D7FBCEA6BA}.Release|Any CPU.ActiveCfg = Release|Any CPU
		{8D6DE92C-637E-4433-9810-98D7FBCEA6BA}.Release|Any CPU.Build.0 = Release|Any CPU
		{130DED02-5984-487C-93DD-0D264EED140E}.Debug|Any CPU.ActiveCfg = Debug|Any CPU
		{130DED02-5984-487C-93DD-0D264EED140E}.Debug|Any CPU.Build.0 = Debug|Any CPU
		{130DED02-5984-487C-93DD-0D264EED140E}.Release|Any CPU.ActiveCfg = Release|Any CPU
		{130DED02-5984-487C-93DD-0D264EED140E}.Release|Any CPU.Build.0 = Release|Any CPU
		{12B06E45-12F5-4E56-ADB4-5879D98D3105}.Debug|Any CPU.ActiveCfg = Debug|Any CPU
		{12B06E45-12F5-4E56-ADB4-5879D98D3105}.Debug|Any CPU.Build.0 = Debug|Any CPU
		{12B06E45-12F5-4E56-ADB4-5879D98D3105}.Release|Any CPU.ActiveCfg = Release|Any CPU
		{12B06E45-12F5-4E56-ADB4-5879D98D3105}.Release|Any CPU.Build.0 = Release|Any CPU
		{7AC66F7A-E44A-435B-BE07-5EC646466AA7}.Debug|Any CPU.ActiveCfg = Debug|Any CPU
		{7AC66F7A-E44A-435B-BE07-5EC646466AA7}.Debug|Any CPU.Build.0 = Debug|Any CPU
		{7AC66F7A-E44A-435B-BE07-5EC646466AA7}.Release|Any CPU.ActiveCfg = Release|Any CPU
		{7AC66F7A-E44A-435B-BE07-5EC646466AA7}.Release|Any CPU.Build.0 = Release|Any CPU
		{C5AD90F4-7925-4A2D-AB43-1118A02E066B}.Debug|Any CPU.ActiveCfg = Debug|Any CPU
		{C5AD90F4-7925-4A2D-AB43-1118A02E066B}.Debug|Any CPU.Build.0 = Debug|Any CPU
		{C5AD90F4-7925-4A2D-AB43-1118A02E066B}.Release|Any CPU.ActiveCfg = Release|Any CPU
		{C5AD90F4-7925-4A2D-AB43-1118A02E066B}.Release|Any CPU.Build.0 = Release|Any CPU
		{EAC16C92-7D28-4ACE-83BF-983DC9141790}.Debug|Any CPU.ActiveCfg = Debug|Any CPU
		{EAC16C92-7D28-4ACE-83BF-983DC9141790}.Debug|Any CPU.Build.0 = Debug|Any CPU
		{EAC16C92-7D28-4ACE-83BF-983DC9141790}.Release|Any CPU.ActiveCfg = Release|Any CPU
		{EAC16C92-7D28-4ACE-83BF-983DC9141790}.Release|Any CPU.Build.0 = Release|Any CPU
		{364D1E63-B911-4AC0-AC2B-A5CF23C64C0F}.Debug|Any CPU.ActiveCfg = Debug|Any CPU
		{364D1E63-B911-4AC0-AC2B-A5CF23C64C0F}.Debug|Any CPU.Build.0 = Debug|Any CPU
		{364D1E63-B911-4AC0-AC2B-A5CF23C64C0F}.Release|Any CPU.ActiveCfg = Release|Any CPU
		{364D1E63-B911-4AC0-AC2B-A5CF23C64C0F}.Release|Any CPU.Build.0 = Release|Any CPU
		{5FA00593-5F8C-4DEB-A6FA-51A8D0CA76F7}.Debug|Any CPU.ActiveCfg = Debug|Any CPU
		{5FA00593-5F8C-4DEB-A6FA-51A8D0CA76F7}.Debug|Any CPU.Build.0 = Debug|Any CPU
		{5FA00593-5F8C-4DEB-A6FA-51A8D0CA76F7}.Release|Any CPU.ActiveCfg = Release|Any CPU
		{5FA00593-5F8C-4DEB-A6FA-51A8D0CA76F7}.Release|Any CPU.Build.0 = Release|Any CPU
		{6D051132-4829-41E9-9658-306FE30F6C38}.Debug|Any CPU.ActiveCfg = Debug|Any CPU
		{6D051132-4829-41E9-9658-306FE30F6C38}.Debug|Any CPU.Build.0 = Debug|Any CPU
		{6D051132-4829-41E9-9658-306FE30F6C38}.Release|Any CPU.ActiveCfg = Release|Any CPU
		{6D051132-4829-41E9-9658-306FE30F6C38}.Release|Any CPU.Build.0 = Release|Any CPU
	EndGlobalSection
	GlobalSection(SolutionProperties) = preSolution
		HideSolutionNode = FALSE
	EndGlobalSection
	GlobalSection(ExtensibilityGlobals) = postSolution
		SolutionGuid = {44B34B59-441A-460C-85B9-364D0E4153F9}
	EndGlobalSection
EndGlobal
