
Microsoft Visual Studio Solution File, Format Version 12.00
# Visual Studio Version 16
VisualStudioVersion = 16.0.28729.10
MinimumVisualStudioVersion = 10.0.40219.1
Project("{9A19103F-16F7-4668-BE54-9A1E7A4F7556}") = "GUI", "GUI\GUI.csproj", "{722E51FC-A9FB-4B6D-AA10-DFD8D2C137B1}"
EndProject
Project("{9A19103F-16F7-4668-BE54-9A1E7A4F7556}") = "AceService", "Agent\Service\AceService.csproj", "{CF36BF58-D08F-425A-9A6A-D0A86C506110}"
	ProjectSection(ProjectDependencies) = postProject
		{8D6DE92C-637E-4433-9810-98D7FBCEA6BA} = {8D6DE92C-637E-4433-9810-98D7FBCEA6BA}
	EndProjectSection
EndProject
Project("{9A19103F-16F7-4668-BE54-9A1E7A4F7556}") = "Agent.BaseServices.Models", "Agent\Agent.BaseServices.Models\Agent.BaseServices.Models.csproj", "{8D6DE92C-637E-4433-9810-98D7FBCEA6BA}"
EndProject
Project("{9A19103F-16F7-4668-BE54-9A1E7A4F7556}") = "Agent.BaseServices.Interfaces", "Agent\Agent.BaseServices.Interfaces\Agent.BaseServices.Interfaces.csproj", "{130DED02-5984-487C-93DD-0D264EED140E}"
EndProject
Project("{9A19103F-16F7-4668-BE54-9A1E7A4F7556}") = "Agent.BaseServices.Data", "Agent\Agent.BaseServices.Data\Agent.BaseServices.Data.csproj", "{D88FA700-5D18-401F-8515-A5E3A4890084}"
EndProject
Project("{2150E333-8FDC-42A3-9474-1A3956D46DE8}") = "Solution Items", "Solution Items", "{87D83409-A5BD-4BAE-94A8-D30A2206E64A}"
	ProjectSection(SolutionItems) = preProject
		.editorconfig = .editorconfig
		.filenesting.json = .filenesting.json
		ATTRIBUTION.md = ATTRIBUTION.md
		Directory.Build.props = Directory.Build.props
		Directory.Build.targets = Directory.Build.targets
		README.md = README.md
		secrets.json = secrets.json
	EndProjectSection
EndProject
Project("{9A19103F-16F7-4668-BE54-9A1E7A4F7556}") = "Agent.GUIServices.Models", "Agent\PlugIns\GUIServices\Agent.GUIServices.Models\Agent.GUIServices.Models.csproj", "{364D1E63-B911-4AC0-AC2B-A5CF23C64C0F}"
EndProject
Project("{9A19103F-16F7-4668-BE54-9A1E7A4F7556}") = "Agent.GUIServices.Interfaces", "Agent\PlugIns\GUIServices\Agent.GUIServices.Interfaces\Agent.GUIServices.Interfaces.csproj", "{5FA00593-5F8C-4DEB-A6FA-51A8D0CA76F7}"
EndProject
Project("{9A19103F-16F7-4668-BE54-9A1E7A4F7556}") = "Agent.GUIServices.Plugin", "Agent\PlugIns\GUIServices\Agent.GUIServices.Plugin\Agent.GUIServices.Plugin.csproj", "{6D051132-4829-41E9-9658-306FE30F6C38}"
EndProject
Project("{9A19103F-16F7-4668-BE54-9A1E7A4F7556}") = "AceService.MinerServices.Interfaces", "Agent\Common\PlugIns\MinerServices\AceService.MinerServices.Interfaces\AceService.MinerServices.Interfaces.csproj", "{C5AD90F4-7925-4A2D-AB43-1118A02E066B}"
EndProject
Project("{9A19103F-16F7-4668-BE54-9A1E7A4F7556}") = "AceService.MinerServices.Models", "Agent\Common\PlugIns\MinerServices\AceService.MinerServices.Models\AceService.MinerServices.Models.csproj", "{EAC16C92-7D28-4ACE-83BF-983DC9141790}"
EndProject
Project("{9A19103F-16F7-4668-BE54-9A1E7A4F7556}") = "AceService.MinerServices.Plugin", "Agent\Common\PlugIns\MinerServices\AceService.MinerServices.Plugin\AceService.MinerServices.Plugin.csproj", "{7AC66F7A-E44A-435B-BE07-5EC646466AA7}"
EndProject
Project("{9A19103F-16F7-4668-BE54-9A1E7A4F7556}") = "Agent.RealEstateServices.Models", "Agent\PlugIns\RealEstateServices\Agent.RealEstateServices.Models\Agent.RealEstateServices.Models.csproj", "{8E880A9D-47E1-4EC0-B698-2BD6D4C17A80}"
EndProject
Project("{9A19103F-16F7-4668-BE54-9A1E7A4F7556}") = "Agent.RealEstateServices.Interfaces", "Agent\PlugIns\RealEstateServices\Agent.RealEstateServices.Interfaces\Agent.RealEstateServices.Interfaces.csproj", "{DDA36E39-D60B-4624-ACC3-1910C2E821E0}"
EndProject
Project("{9A19103F-16F7-4668-BE54-9A1E7A4F7556}") = "Agent.RealEstateServices.Plugin", "Agent\PlugIns\RealEstateServices\Agent.RealEstateServices.Plugin\Agent.RealEstateServices.Plugin.csproj", "{5EAAD690-BF3D-486D-81F6-D2AF76D84386}"
EndProject
Project("{9A19103F-16F7-4668-BE54-9A1E7A4F7556}") = "Agent.RealEstateServices.Data", "Agent\PlugIns\RealEstateServices\Agent.RealEstateServices.Data\Agent.RealEstateServices.Data.csproj", "{F397F057-6267-4A56-BE06-313FCB97D7CB}"
EndProject
Project("{9A19103F-16F7-4668-BE54-9A1E7A4F7556}") = "Agent.RealEstateServices.Shared", "Agent\Plugins\RealEstateServices\Agent.RealEstateServices.Shared\Agent.RealEstateServices.Shared.csproj", "{69083826-DF64-4E73-83B4-50D6EED7A6FA}"
EndProject
Project("{2150E333-8FDC-42A3-9474-1A3956D46DE8}") = "Agent", "Agent", "{0E1DC973-37C6-4373-9B8F-DCF540F7EBF2}"
EndProject
Project("{2150E333-8FDC-42A3-9474-1A3956D46DE8}") = "Service", "Service", "{358C6FBD-56E7-4385-A70C-9191A4085A2C}"
EndProject
Project("{2150E333-8FDC-42A3-9474-1A3956D46DE8}") = "Daemon", "Daemon", "{EBB234E4-867B-467A-BE11-D4651843D1DF}"
EndProject
Project("{2150E333-8FDC-42A3-9474-1A3956D46DE8}") = "PlugIns", "PlugIns", "{E38BAEFE-15F9-429E-94F3-BE71D2115B86}"
EndProject
Project("{2150E333-8FDC-42A3-9474-1A3956D46DE8}") = "AceGUI", "AceGUI", "{E2EC32C9-58E3-447F-93ED-E48B18D0F70C}"
EndProject
Project("{2150E333-8FDC-42A3-9474-1A3956D46DE8}") = "Releases", "Releases", "{BAEE4E8C-1B7F-4030-9B12-A343D24EBA9D}"
EndProject
Project("{2150E333-8FDC-42A3-9474-1A3956D46DE8}") = "Doc", "Doc", "{10D21D00-59F6-481F-81D6-4A5764E3BCF4}"
	ProjectSection(SolutionItems) = preProject
		Doc\Architecture.MD = Doc\Architecture.MD
		Doc\BuildingNotes.MD = Doc\BuildingNotes.MD
		Doc\Goals.md = Doc\Goals.md
		Doc\Overview.MD = Doc\Overview.MD
	EndProjectSection
EndProject
Project("{2150E333-8FDC-42A3-9474-1A3956D46DE8}") = "GUIServices", "GUIServices", "{2894C382-76E8-4B77-BFAE-3CF8433AFC55}"
EndProject
Project("{2150E333-8FDC-42A3-9474-1A3956D46DE8}") = "MinerServices", "MinerServices", "{E1D20164-8795-40E5-92D1-20E4D5F0753D}"
EndProject
Project("{2150E333-8FDC-42A3-9474-1A3956D46DE8}") = "RealEstateServices", "RealEstateServices", "{4F890257-219C-4A15-A143-74E0F7BCA81F}"
EndProject
Project("{2150E333-8FDC-42A3-9474-1A3956D46DE8}") = "DiskAnalysisServices", "DiskAnalysisServices", "{F16EF490-DC68-4DD0-B76E-6587390E2765}"
EndProject
Project("{9A19103F-16F7-4668-BE54-9A1E7A4F7556}") = "Agent.GUIServices.Data", "Agent\Plugins\GUIServices\Agent.GUIServices.Data\Agent.GUIServices.Data.csproj", "{5908C201-44B9-4BCA-A9F1-BCDF6F66833F}"
EndProject
Project("{2150E333-8FDC-42A3-9474-1A3956D46DE8}") = "Database", "Database", "{5ED42294-12FE-4055-9A79-8334896F351B}"
EndProject
Project("{2150E333-8FDC-42A3-9474-1A3956D46DE8}") = "Liquibase", "Liquibase", "{98781561-2E59-4F90-8CFF-2696752F7070}"
	ProjectSection(SolutionItems) = preProject
		Database\Liquibase\DBChangeLog For MySQL.xml = Database\Liquibase\DBChangeLog For MySQL.xml
	EndProjectSection
EndProject
Project("{2150E333-8FDC-42A3-9474-1A3956D46DE8}") = "DataDumpFiles", "DataDumpFiles", "{1F751B0F-2900-4E82-836F-AEE00D52B079}"
EndProject
Project("{2150E333-8FDC-42A3-9474-1A3956D46DE8}") = "SchemaDumpFiles", "SchemaDumpFiles", "{A4399FC1-E4EE-48AA-A011-67D5143AFDD2}"
	ProjectSection(SolutionItems) = preProject
		Database\SchemaDumpFiles\acecommander_routines.sql = Database\SchemaDumpFiles\acecommander_routines.sql
	EndProjectSection
EndProject
Project("{9A19103F-16F7-4668-BE54-9A1E7A4F7556}") = "Agent.DiskAnalysisServices.Data", "Agent\Plugins\DiskAnalysisServices\Agent.DiskAnalysisServices.Data\Agent.DiskAnalysisServices.Data.csproj", "{EBE48F6E-B168-4B11-9050-E8DFFE86016F}"
EndProject
Project("{9A19103F-16F7-4668-BE54-9A1E7A4F7556}") = "Agent.DiskAnalysisServices.Interfaces", "Agent\Plugins\DiskAnalysisServices\Agent.DiskAnalysisServices.Interfaces\Agent.DiskAnalysisServices.Interfaces.csproj", "{C83F8693-87F1-4786-AC4D-6483B51983CF}"
EndProject
Project("{9A19103F-16F7-4668-BE54-9A1E7A4F7556}") = "Agent.DiskAnalysisServices.Models", "Agent\Plugins\DiskAnalysisServices\Agent.DiskAnalysisServices.Models\Agent.DiskAnalysisServices.Models.csproj", "{F2C3747C-4DA7-428C-8DDC-F33F27247B26}"
EndProject
Project("{9A19103F-16F7-4668-BE54-9A1E7A4F7556}") = "Agent.DiskAnalysisServices.Plugin", "Agent\Plugins\DiskAnalysisServices\Agent.DiskAnalysisServices.Plugin\Agent.DiskAnalysisServices.Plugin.csproj", "{D09B47C8-2C8A-49D4-B6BA-2A5E7EAFA839}"
EndProject
Project("{9A19103F-16F7-4668-BE54-9A1E7A4F7556}") = "Agent.DiskAnalysisServices.Shared", "Agent\Plugins\DiskAnalysisServices\Agent.DiskAnalysisServices.Shared\Agent.DiskAnalysisServices.Shared.csproj", "{D9248A1A-2B3D-4015-B885-F71AA3EE649D}"
EndProject
Project("{9A19103F-16F7-4668-BE54-9A1E7A4F7556}") = "ATAP.Utilities", "ATAP.Utilities\ATAP.Utilities\ATAP.Utilities.csproj", "{C554EC8F-A55C-4FBF-B606-2712A0DC78E5}"
EndProject
Project("{9A19103F-16F7-4668-BE54-9A1E7A4F7556}") = "Agent.BaseServices.Shared", "Agent\Agent.BaseServices.Shared\Agent.BaseServices.Shared.csproj", "{CB9940B9-8099-4FE4-B060-693591411332}"
EndProject
Project("{2150E333-8FDC-42A3-9474-1A3956D46DE8}") = "ATAP.Utilities", "ATAP.Utilities", "{B70F6ACB-893B-4914-A7F3-A0D214F238ED}"
EndProject
Project("{9A19103F-16F7-4668-BE54-9A1E7A4F7556}") = "ATAP.Utilities.Enumerations", "ATAP.Utilities\ATAP.Utilities.Enumerations\ATAP.Utilities.Enumerations.csproj", "{22BF0314-77F1-4B6F-8CF5-48D80026CF24}"
EndProject
Project("{9A19103F-16F7-4668-BE54-9A1E7A4F7556}") = "ATAP.Utilities.Shared", "ATAP.Utilities\ATAP.Utilities.Shared\ATAP.Utilities.Shared.csproj", "{9C3883C4-3227-4BE8-B236-3EE404C0B79D}"
EndProject
Global
	GlobalSection(SolutionConfigurationPlatforms) = preSolution
		Debug|Any CPU = Debug|Any CPU
		Release|Any CPU = Release|Any CPU
	EndGlobalSection
	GlobalSection(ProjectConfigurationPlatforms) = postSolution
		{722E51FC-A9FB-4B6D-AA10-DFD8D2C137B1}.Debug|Any CPU.ActiveCfg = Debug|Any CPU
		{722E51FC-A9FB-4B6D-AA10-DFD8D2C137B1}.Debug|Any CPU.Build.0 = Debug|Any CPU
		{722E51FC-A9FB-4B6D-AA10-DFD8D2C137B1}.Release|Any CPU.ActiveCfg = Release|Any CPU
		{722E51FC-A9FB-4B6D-AA10-DFD8D2C137B1}.Release|Any CPU.Build.0 = Release|Any CPU
		{CF36BF58-D08F-425A-9A6A-D0A86C506110}.Debug|Any CPU.ActiveCfg = Debug|Any CPU
		{CF36BF58-D08F-425A-9A6A-D0A86C506110}.Debug|Any CPU.Build.0 = Debug|Any CPU
		{CF36BF58-D08F-425A-9A6A-D0A86C506110}.Release|Any CPU.ActiveCfg = Release|Any CPU
		{CF36BF58-D08F-425A-9A6A-D0A86C506110}.Release|Any CPU.Build.0 = Release|Any CPU
		{8D6DE92C-637E-4433-9810-98D7FBCEA6BA}.Debug|Any CPU.ActiveCfg = Debug|Any CPU
		{8D6DE92C-637E-4433-9810-98D7FBCEA6BA}.Debug|Any CPU.Build.0 = Debug|Any CPU
		{8D6DE92C-637E-4433-9810-98D7FBCEA6BA}.Release|Any CPU.ActiveCfg = Release|Any CPU
		{8D6DE92C-637E-4433-9810-98D7FBCEA6BA}.Release|Any CPU.Build.0 = Release|Any CPU
		{130DED02-5984-487C-93DD-0D264EED140E}.Debug|Any CPU.ActiveCfg = Debug|Any CPU
		{130DED02-5984-487C-93DD-0D264EED140E}.Debug|Any CPU.Build.0 = Debug|Any CPU
		{130DED02-5984-487C-93DD-0D264EED140E}.Release|Any CPU.ActiveCfg = Release|Any CPU
		{130DED02-5984-487C-93DD-0D264EED140E}.Release|Any CPU.Build.0 = Release|Any CPU
		{D88FA700-5D18-401F-8515-A5E3A4890084}.Debug|Any CPU.ActiveCfg = Debug|Any CPU
		{D88FA700-5D18-401F-8515-A5E3A4890084}.Debug|Any CPU.Build.0 = Debug|Any CPU
		{D88FA700-5D18-401F-8515-A5E3A4890084}.Release|Any CPU.ActiveCfg = Release|Any CPU
		{D88FA700-5D18-401F-8515-A5E3A4890084}.Release|Any CPU.Build.0 = Release|Any CPU
		{364D1E63-B911-4AC0-AC2B-A5CF23C64C0F}.Debug|Any CPU.ActiveCfg = Debug|Any CPU
		{364D1E63-B911-4AC0-AC2B-A5CF23C64C0F}.Debug|Any CPU.Build.0 = Debug|Any CPU
		{364D1E63-B911-4AC0-AC2B-A5CF23C64C0F}.Release|Any CPU.ActiveCfg = Release|Any CPU
		{364D1E63-B911-4AC0-AC2B-A5CF23C64C0F}.Release|Any CPU.Build.0 = Release|Any CPU
		{5FA00593-5F8C-4DEB-A6FA-51A8D0CA76F7}.Debug|Any CPU.ActiveCfg = Debug|Any CPU
		{5FA00593-5F8C-4DEB-A6FA-51A8D0CA76F7}.Debug|Any CPU.Build.0 = Debug|Any CPU
		{5FA00593-5F8C-4DEB-A6FA-51A8D0CA76F7}.Release|Any CPU.ActiveCfg = Release|Any CPU
		{5FA00593-5F8C-4DEB-A6FA-51A8D0CA76F7}.Release|Any CPU.Build.0 = Release|Any CPU
		{6D051132-4829-41E9-9658-306FE30F6C38}.Debug|Any CPU.ActiveCfg = Debug|Any CPU
		{6D051132-4829-41E9-9658-306FE30F6C38}.Debug|Any CPU.Build.0 = Debug|Any CPU
		{6D051132-4829-41E9-9658-306FE30F6C38}.Release|Any CPU.ActiveCfg = Release|Any CPU
		{6D051132-4829-41E9-9658-306FE30F6C38}.Release|Any CPU.Build.0 = Release|Any CPU
		{C5AD90F4-7925-4A2D-AB43-1118A02E066B}.Debug|Any CPU.ActiveCfg = Debug|Any CPU
		{C5AD90F4-7925-4A2D-AB43-1118A02E066B}.Debug|Any CPU.Build.0 = Debug|Any CPU
		{C5AD90F4-7925-4A2D-AB43-1118A02E066B}.Release|Any CPU.ActiveCfg = Release|Any CPU
		{C5AD90F4-7925-4A2D-AB43-1118A02E066B}.Release|Any CPU.Build.0 = Release|Any CPU
		{EAC16C92-7D28-4ACE-83BF-983DC9141790}.Debug|Any CPU.ActiveCfg = Debug|Any CPU
		{EAC16C92-7D28-4ACE-83BF-983DC9141790}.Debug|Any CPU.Build.0 = Debug|Any CPU
		{EAC16C92-7D28-4ACE-83BF-983DC9141790}.Release|Any CPU.ActiveCfg = Release|Any CPU
		{EAC16C92-7D28-4ACE-83BF-983DC9141790}.Release|Any CPU.Build.0 = Release|Any CPU
		{7AC66F7A-E44A-435B-BE07-5EC646466AA7}.Debug|Any CPU.ActiveCfg = Debug|Any CPU
		{7AC66F7A-E44A-435B-BE07-5EC646466AA7}.Debug|Any CPU.Build.0 = Debug|Any CPU
		{7AC66F7A-E44A-435B-BE07-5EC646466AA7}.Release|Any CPU.ActiveCfg = Release|Any CPU
		{7AC66F7A-E44A-435B-BE07-5EC646466AA7}.Release|Any CPU.Build.0 = Release|Any CPU
		{8E880A9D-47E1-4EC0-B698-2BD6D4C17A80}.Debug|Any CPU.ActiveCfg = Debug|Any CPU
		{8E880A9D-47E1-4EC0-B698-2BD6D4C17A80}.Debug|Any CPU.Build.0 = Debug|Any CPU
		{8E880A9D-47E1-4EC0-B698-2BD6D4C17A80}.Release|Any CPU.ActiveCfg = Release|Any CPU
		{8E880A9D-47E1-4EC0-B698-2BD6D4C17A80}.Release|Any CPU.Build.0 = Release|Any CPU
		{DDA36E39-D60B-4624-ACC3-1910C2E821E0}.Debug|Any CPU.ActiveCfg = Debug|Any CPU
		{DDA36E39-D60B-4624-ACC3-1910C2E821E0}.Debug|Any CPU.Build.0 = Debug|Any CPU
		{DDA36E39-D60B-4624-ACC3-1910C2E821E0}.Release|Any CPU.ActiveCfg = Release|Any CPU
		{DDA36E39-D60B-4624-ACC3-1910C2E821E0}.Release|Any CPU.Build.0 = Release|Any CPU
		{5EAAD690-BF3D-486D-81F6-D2AF76D84386}.Debug|Any CPU.ActiveCfg = Debug|Any CPU
		{5EAAD690-BF3D-486D-81F6-D2AF76D84386}.Debug|Any CPU.Build.0 = Debug|Any CPU
		{5EAAD690-BF3D-486D-81F6-D2AF76D84386}.Release|Any CPU.ActiveCfg = Release|Any CPU
		{5EAAD690-BF3D-486D-81F6-D2AF76D84386}.Release|Any CPU.Build.0 = Release|Any CPU
		{F397F057-6267-4A56-BE06-313FCB97D7CB}.Debug|Any CPU.ActiveCfg = Debug|Any CPU
		{F397F057-6267-4A56-BE06-313FCB97D7CB}.Debug|Any CPU.Build.0 = Debug|Any CPU
		{F397F057-6267-4A56-BE06-313FCB97D7CB}.Release|Any CPU.ActiveCfg = Release|Any CPU
		{F397F057-6267-4A56-BE06-313FCB97D7CB}.Release|Any CPU.Build.0 = Release|Any CPU
		{69083826-DF64-4E73-83B4-50D6EED7A6FA}.Debug|Any CPU.ActiveCfg = Debug|Any CPU
		{69083826-DF64-4E73-83B4-50D6EED7A6FA}.Debug|Any CPU.Build.0 = Debug|Any CPU
		{69083826-DF64-4E73-83B4-50D6EED7A6FA}.Release|Any CPU.ActiveCfg = Release|Any CPU
		{69083826-DF64-4E73-83B4-50D6EED7A6FA}.Release|Any CPU.Build.0 = Release|Any CPU
		{5908C201-44B9-4BCA-A9F1-BCDF6F66833F}.Debug|Any CPU.ActiveCfg = Debug|Any CPU
		{5908C201-44B9-4BCA-A9F1-BCDF6F66833F}.Debug|Any CPU.Build.0 = Debug|Any CPU
		{5908C201-44B9-4BCA-A9F1-BCDF6F66833F}.Release|Any CPU.ActiveCfg = Release|Any CPU
		{5908C201-44B9-4BCA-A9F1-BCDF6F66833F}.Release|Any CPU.Build.0 = Release|Any CPU
		{EBE48F6E-B168-4B11-9050-E8DFFE86016F}.Debug|Any CPU.ActiveCfg = Debug|Any CPU
		{EBE48F6E-B168-4B11-9050-E8DFFE86016F}.Debug|Any CPU.Build.0 = Debug|Any CPU
		{EBE48F6E-B168-4B11-9050-E8DFFE86016F}.Release|Any CPU.ActiveCfg = Release|Any CPU
		{EBE48F6E-B168-4B11-9050-E8DFFE86016F}.Release|Any CPU.Build.0 = Release|Any CPU
		{C83F8693-87F1-4786-AC4D-6483B51983CF}.Debug|Any CPU.ActiveCfg = Debug|Any CPU
		{C83F8693-87F1-4786-AC4D-6483B51983CF}.Debug|Any CPU.Build.0 = Debug|Any CPU
		{C83F8693-87F1-4786-AC4D-6483B51983CF}.Release|Any CPU.ActiveCfg = Release|Any CPU
		{C83F8693-87F1-4786-AC4D-6483B51983CF}.Release|Any CPU.Build.0 = Release|Any CPU
		{F2C3747C-4DA7-428C-8DDC-F33F27247B26}.Debug|Any CPU.ActiveCfg = Debug|Any CPU
		{F2C3747C-4DA7-428C-8DDC-F33F27247B26}.Debug|Any CPU.Build.0 = Debug|Any CPU
		{F2C3747C-4DA7-428C-8DDC-F33F27247B26}.Release|Any CPU.ActiveCfg = Release|Any CPU
		{F2C3747C-4DA7-428C-8DDC-F33F27247B26}.Release|Any CPU.Build.0 = Release|Any CPU
		{D09B47C8-2C8A-49D4-B6BA-2A5E7EAFA839}.Debug|Any CPU.ActiveCfg = Debug|Any CPU
		{D09B47C8-2C8A-49D4-B6BA-2A5E7EAFA839}.Debug|Any CPU.Build.0 = Debug|Any CPU
		{D09B47C8-2C8A-49D4-B6BA-2A5E7EAFA839}.Release|Any CPU.ActiveCfg = Release|Any CPU
		{D09B47C8-2C8A-49D4-B6BA-2A5E7EAFA839}.Release|Any CPU.Build.0 = Release|Any CPU
		{D9248A1A-2B3D-4015-B885-F71AA3EE649D}.Debug|Any CPU.ActiveCfg = Debug|Any CPU
		{D9248A1A-2B3D-4015-B885-F71AA3EE649D}.Debug|Any CPU.Build.0 = Debug|Any CPU
		{D9248A1A-2B3D-4015-B885-F71AA3EE649D}.Release|Any CPU.ActiveCfg = Release|Any CPU
		{D9248A1A-2B3D-4015-B885-F71AA3EE649D}.Release|Any CPU.Build.0 = Release|Any CPU
		{C554EC8F-A55C-4FBF-B606-2712A0DC78E5}.Debug|Any CPU.ActiveCfg = Debug|Any CPU
		{C554EC8F-A55C-4FBF-B606-2712A0DC78E5}.Debug|Any CPU.Build.0 = Debug|Any CPU
		{C554EC8F-A55C-4FBF-B606-2712A0DC78E5}.Release|Any CPU.ActiveCfg = Release|Any CPU
		{C554EC8F-A55C-4FBF-B606-2712A0DC78E5}.Release|Any CPU.Build.0 = Release|Any CPU
		{CB9940B9-8099-4FE4-B060-693591411332}.Debug|Any CPU.ActiveCfg = Debug|Any CPU
		{CB9940B9-8099-4FE4-B060-693591411332}.Debug|Any CPU.Build.0 = Debug|Any CPU
		{CB9940B9-8099-4FE4-B060-693591411332}.Release|Any CPU.ActiveCfg = Release|Any CPU
		{CB9940B9-8099-4FE4-B060-693591411332}.Release|Any CPU.Build.0 = Release|Any CPU
		{22BF0314-77F1-4B6F-8CF5-48D80026CF24}.Debug|Any CPU.ActiveCfg = Debug|Any CPU
		{22BF0314-77F1-4B6F-8CF5-48D80026CF24}.Debug|Any CPU.Build.0 = Debug|Any CPU
		{22BF0314-77F1-4B6F-8CF5-48D80026CF24}.Release|Any CPU.ActiveCfg = Release|Any CPU
		{22BF0314-77F1-4B6F-8CF5-48D80026CF24}.Release|Any CPU.Build.0 = Release|Any CPU
		{9C3883C4-3227-4BE8-B236-3EE404C0B79D}.Debug|Any CPU.ActiveCfg = Debug|Any CPU
		{9C3883C4-3227-4BE8-B236-3EE404C0B79D}.Debug|Any CPU.Build.0 = Debug|Any CPU
		{9C3883C4-3227-4BE8-B236-3EE404C0B79D}.Release|Any CPU.ActiveCfg = Release|Any CPU
		{9C3883C4-3227-4BE8-B236-3EE404C0B79D}.Release|Any CPU.Build.0 = Release|Any CPU
	EndGlobalSection
	GlobalSection(SolutionProperties) = preSolution
		HideSolutionNode = FALSE
	EndGlobalSection
	GlobalSection(NestedProjects) = preSolution
		{722E51FC-A9FB-4B6D-AA10-DFD8D2C137B1} = {E2EC32C9-58E3-447F-93ED-E48B18D0F70C}
		{CF36BF58-D08F-425A-9A6A-D0A86C506110} = {358C6FBD-56E7-4385-A70C-9191A4085A2C}
		{8D6DE92C-637E-4433-9810-98D7FBCEA6BA} = {0E1DC973-37C6-4373-9B8F-DCF540F7EBF2}
		{130DED02-5984-487C-93DD-0D264EED140E} = {0E1DC973-37C6-4373-9B8F-DCF540F7EBF2}
		{D88FA700-5D18-401F-8515-A5E3A4890084} = {0E1DC973-37C6-4373-9B8F-DCF540F7EBF2}
		{364D1E63-B911-4AC0-AC2B-A5CF23C64C0F} = {2894C382-76E8-4B77-BFAE-3CF8433AFC55}
		{5FA00593-5F8C-4DEB-A6FA-51A8D0CA76F7} = {2894C382-76E8-4B77-BFAE-3CF8433AFC55}
		{6D051132-4829-41E9-9658-306FE30F6C38} = {2894C382-76E8-4B77-BFAE-3CF8433AFC55}
		{C5AD90F4-7925-4A2D-AB43-1118A02E066B} = {E1D20164-8795-40E5-92D1-20E4D5F0753D}
		{EAC16C92-7D28-4ACE-83BF-983DC9141790} = {E1D20164-8795-40E5-92D1-20E4D5F0753D}
		{7AC66F7A-E44A-435B-BE07-5EC646466AA7} = {E1D20164-8795-40E5-92D1-20E4D5F0753D}
		{8E880A9D-47E1-4EC0-B698-2BD6D4C17A80} = {4F890257-219C-4A15-A143-74E0F7BCA81F}
		{DDA36E39-D60B-4624-ACC3-1910C2E821E0} = {4F890257-219C-4A15-A143-74E0F7BCA81F}
		{5EAAD690-BF3D-486D-81F6-D2AF76D84386} = {4F890257-219C-4A15-A143-74E0F7BCA81F}
		{F397F057-6267-4A56-BE06-313FCB97D7CB} = {4F890257-219C-4A15-A143-74E0F7BCA81F}
		{69083826-DF64-4E73-83B4-50D6EED7A6FA} = {4F890257-219C-4A15-A143-74E0F7BCA81F}
		{358C6FBD-56E7-4385-A70C-9191A4085A2C} = {0E1DC973-37C6-4373-9B8F-DCF540F7EBF2}
		{EBB234E4-867B-467A-BE11-D4651843D1DF} = {0E1DC973-37C6-4373-9B8F-DCF540F7EBF2}
		{E38BAEFE-15F9-429E-94F3-BE71D2115B86} = {0E1DC973-37C6-4373-9B8F-DCF540F7EBF2}
		{2894C382-76E8-4B77-BFAE-3CF8433AFC55} = {E38BAEFE-15F9-429E-94F3-BE71D2115B86}
		{E1D20164-8795-40E5-92D1-20E4D5F0753D} = {E38BAEFE-15F9-429E-94F3-BE71D2115B86}
		{4F890257-219C-4A15-A143-74E0F7BCA81F} = {E38BAEFE-15F9-429E-94F3-BE71D2115B86}
		{F16EF490-DC68-4DD0-B76E-6587390E2765} = {E38BAEFE-15F9-429E-94F3-BE71D2115B86}
		{5908C201-44B9-4BCA-A9F1-BCDF6F66833F} = {2894C382-76E8-4B77-BFAE-3CF8433AFC55}
		{98781561-2E59-4F90-8CFF-2696752F7070} = {5ED42294-12FE-4055-9A79-8334896F351B}
		{1F751B0F-2900-4E82-836F-AEE00D52B079} = {5ED42294-12FE-4055-9A79-8334896F351B}
		{A4399FC1-E4EE-48AA-A011-67D5143AFDD2} = {5ED42294-12FE-4055-9A79-8334896F351B}
		{EBE48F6E-B168-4B11-9050-E8DFFE86016F} = {F16EF490-DC68-4DD0-B76E-6587390E2765}
		{C83F8693-87F1-4786-AC4D-6483B51983CF} = {F16EF490-DC68-4DD0-B76E-6587390E2765}
		{F2C3747C-4DA7-428C-8DDC-F33F27247B26} = {F16EF490-DC68-4DD0-B76E-6587390E2765}
		{D09B47C8-2C8A-49D4-B6BA-2A5E7EAFA839} = {F16EF490-DC68-4DD0-B76E-6587390E2765}
		{D9248A1A-2B3D-4015-B885-F71AA3EE649D} = {F16EF490-DC68-4DD0-B76E-6587390E2765}
		{C554EC8F-A55C-4FBF-B606-2712A0DC78E5} = {B70F6ACB-893B-4914-A7F3-A0D214F238ED}
		{CB9940B9-8099-4FE4-B060-693591411332} = {0E1DC973-37C6-4373-9B8F-DCF540F7EBF2}
		{22BF0314-77F1-4B6F-8CF5-48D80026CF24} = {B70F6ACB-893B-4914-A7F3-A0D214F238ED}
		{9C3883C4-3227-4BE8-B236-3EE404C0B79D} = {B70F6ACB-893B-4914-A7F3-A0D214F238ED}
	EndGlobalSection
	GlobalSection(ExtensibilityGlobals) = postSolution
		SolutionGuid = {44B34B59-441A-460C-85B9-364D0E4153F9}
	EndGlobalSection
EndGlobal
